
Microsoft Visual Studio Solution File, Format Version 12.00
# Visual Studio 2017
Project("{FAE04EC0-301F-11D3-BF4B-00C04F79EFBC}") = "maptest", "maptest.csproj", "{843B25B9-E5D9-5FC0-BA07-C7CFDC4A890F}"
EndProject
Global
	GlobalSection(SolutionConfigurationPlatforms) = preSolution
		Debug|Any CPU = Debug|Any CPU
		Release|Any CPU = Release|Any CPU
	EndGlobalSection
	GlobalSection(ProjectConfigurationPlatforms) = postSolution
		{843B25B9-E5D9-5FC0-BA07-C7CFDC4A890F}.Debug|Any CPU.ActiveCfg = Debug|Any CPU
		{843B25B9-E5D9-5FC0-BA07-C7CFDC4A890F}.Debug|Any CPU.Build.0 = Debug|Any CPU
		{843B25B9-E5D9-5FC0-BA07-C7CFDC4A890F}.Release|Any CPU.ActiveCfg = Release|Any CPU
		{843B25B9-E5D9-5FC0-BA07-C7CFDC4A890F}.Release|Any CPU.Build.0 = Release|Any CPU
	EndGlobalSection
	GlobalSection(SolutionProperties) = preSolution
		HideSolutionNode = FALSE
	EndGlobalSection
EndGlobal
